<?xml version="1.0" encoding="utf-8"?>
<Project ToolsVersion="4.0" xmlns="http://schemas.microsoft.com/developer/msbuild/2003">
  <ItemGroup>
    <Filter Include="Source Files">
      <UniqueIdentifier>{4FC737F1-C7A5-4376-A066-2A32D752A2FF}</UniqueIdentifier>
      <Extensions>cpp;c;cc;cxx;def;odl;idl;hpj;bat;asm;asmx</Extensions>
    </Filter>
    <Filter Include="Header Files">
      <UniqueIdentifier>{93995380-89BD-4b04-88EB-625FBE52EBFB}</UniqueIdentifier>
      <Extensions>h;hh;hpp;hxx;hm;inl;inc;xsd</Extensions>
    </Filter>
    <Filter Include="Resource Files">
      <UniqueIdentifier>{67DA6AB6-F800-4c08-8B7A-83BB121AAD01}</UniqueIdentifier>
      <Extensions>rc;ico;cur;bmp;dlg;rc2;rct;bin;rgs;gif;jpg;jpeg;jpe;resx;tiff;tif;png;wav;mfcribbon-ms</Extensions>
    </Filter>
  </ItemGroup>
  <ItemGroup>
    <None Include=".gitignore" />
    <None Include="agpl-3.0.html" />
    <None Include="COPYING" />
    <None Include="JsonXScalar" />
    <None Include="Makefile" />
    <None Include="README" />
    <None Include="target.mk" />
  </ItemGroup>
  <ItemGroup>
    <Text Include="agpl-3.0.txt" />
  </ItemGroup>
  <ItemGroup>
    <ClCompile Include="JsonXArray.cpp">
      <Filter>Source Files</Filter>
    </ClCompile>
    <ClCompile Include="JsonXBase.cpp">
      <Filter>Source Files</Filter>
    </ClCompile>
    <ClCompile Include="JsonXBlob.cpp">
      <Filter>Source Files</Filter>
    </ClCompile>
    <ClCompile Include="JsonXBool.cpp">
      <Filter>Source Files</Filter>
    </ClCompile>
    <ClCompile Include="JsonXNull.cpp">
      <Filter>Source Files</Filter>
    </ClCompile>
    <ClCompile Include="JsonXNumber.cpp">
      <Filter>Source Files</Filter>
    </ClCompile>
    <ClCompile Include="JsonXObject.cpp">
      <Filter>Source Files</Filter>
    </ClCompile>
    <ClCompile Include="JsonXString.cpp">
      <Filter>Source Files</Filter>
    </ClCompile>
    <ClCompile Include="JsonXValue.cpp">
      <Filter>Source Files</Filter>
    </ClCompile>
  </ItemGroup>
  <ItemGroup>
    <ClInclude Include="JsonXArray.h">
      <Filter>Header Files</Filter>
    </ClInclude>
    <ClInclude Include="JsonXBase.h">
      <Filter>Header Files</Filter>
    </ClInclude>
    <ClInclude Include="JsonXBlob.h">
      <Filter>Header Files</Filter>
    </ClInclude>
    <ClInclude Include="JsonXBool.h">
      <Filter>Header Files</Filter>
    </ClInclude>
    <ClInclude Include="JsonXException.h">
      <Filter>Header Files</Filter>
    </ClInclude>
    <ClInclude Include="JsonXNull.h">
      <Filter>Header Files</Filter>
    </ClInclude>
    <ClInclude Include="JsonXNumber.h">
      <Filter>Header Files</Filter>
    </ClInclude>
    <ClInclude Include="JsonXObject.h">
      <Filter>Header Files</Filter>
    </ClInclude>
    <ClInclude Include="JsonXString.h">
      <Filter>Header Files</Filter>
    </ClInclude>
    <ClInclude Include="JsonXValue.h">
      <Filter>Header Files</Filter>
    </ClInclude>
    <ClInclude Include="ValueType.h">
      <Filter>Header Files</Filter>
    </ClInclude>
  </ItemGroup>
</Project>